// !$*UTF8*$!
{
	archiveVersion = 1;
	classes = {
	};
	objectVersion = 46;
	objects = {

/* Begin PBXBuildFile section */
		5B6EFCE71A98CEAB00AE6E33 /* main.swift in Sources */ = {isa = PBXBuildFile; fileRef = 5B6EFCE61A98CEAB00AE6E33 /* main.swift */; };
		5B6EFCEF1A98CEF700AE6E33 /* RNNNetwork.swift in Sources */ = {isa = PBXBuildFile; fileRef = 5B6EFCEE1A98CEF700AE6E33 /* RNNNetwork.swift */; };
		5B6EFCF11A98CEFF00AE6E33 /* RNNNeuron.swift in Sources */ = {isa = PBXBuildFile; fileRef = 5B6EFCF01A98CEFF00AE6E33 /* RNNNeuron.swift */; };
		5B6EFCF31A98CF1500AE6E33 /* RNNInstance.swift in Sources */ = {isa = PBXBuildFile; fileRef = 5B6EFCF21A98CF1500AE6E33 /* RNNInstance.swift */; };
		5BA9FD991A9A2C02007E68DD /* ParityGenerator.swift in Sources */ = {isa = PBXBuildFile; fileRef = 5BA9FD981A9A2C02007E68DD /* ParityGenerator.swift */; };
/* End PBXBuildFile section */

/* Begin PBXCopyFilesBuildPhase section */
		5B6EFCE11A98CEAB00AE6E33 /* CopyFiles */ = {
			isa = PBXCopyFilesBuildPhase;
			buildActionMask = 2147483647;
			dstPath = /usr/share/man/man1/;
			dstSubfolderSpec = 0;
			files = (
			);
			runOnlyForDeploymentPostprocessing = 1;
		};
/* End PBXCopyFilesBuildPhase section */

/* Begin PBXFileReference section */
		5B6EFCE31A98CEAB00AE6E33 /* recurrent */ = {isa = PBXFileReference; explicitFileType = "compiled.mach-o.executable"; includeInIndex = 0; path = recurrent; sourceTree = BUILT_PRODUCTS_DIR; };
		5B6EFCE61A98CEAB00AE6E33 /* main.swift */ = {isa = PBXFileReference; lastKnownFileType = sourcecode.swift; path = main.swift; sourceTree = "<group>"; };
		5B6EFCEE1A98CEF700AE6E33 /* RNNNetwork.swift */ = {isa = PBXFileReference; fileEncoding = 4; lastKnownFileType = sourcecode.swift; path = RNNNetwork.swift; sourceTree = "<group>"; };
		5B6EFCF01A98CEFF00AE6E33 /* RNNNeuron.swift */ = {isa = PBXFileReference; fileEncoding = 4; lastKnownFileType = sourcecode.swift; path = RNNNeuron.swift; sourceTree = "<group>"; };
		5B6EFCF21A98CF1500AE6E33 /* RNNInstance.swift */ = {isa = PBXFileReference; fileEncoding = 4; lastKnownFileType = sourcecode.swift; path = RNNInstance.swift; sourceTree = "<group>"; };
		5BA9FD981A9A2C02007E68DD /* ParityGenerator.swift */ = {isa = PBXFileReference; fileEncoding = 4; lastKnownFileType = sourcecode.swift; path = ParityGenerator.swift; sourceTree = "<group>"; };
/* End PBXFileReference section */

/* Begin PBXFrameworksBuildPhase section */
		5B6EFCE01A98CEAB00AE6E33 /* Frameworks */ = {
			isa = PBXFrameworksBuildPhase;
			buildActionMask = 2147483647;
			files = (
			);
			runOnlyForDeploymentPostprocessing = 0;
		};
/* End PBXFrameworksBuildPhase section */

/* Begin PBXGroup section */
		5B6EFCDA1A98CEAB00AE6E33 = {
			isa = PBXGroup;
			children = (
				5BA9FD971A9A2BE8007E68DD /* parityTask */,
				5B6EFCE51A98CEAB00AE6E33 /* recurrent */,
				5B6EFCE41A98CEAB00AE6E33 /* Products */,
			);
			sourceTree = "<group>";
		};
		5B6EFCE41A98CEAB00AE6E33 /* Products */ = {
			isa = PBXGroup;
			children = (
				5B6EFCE31A98CEAB00AE6E33 /* recurrent */,
			);
			name = Products;
			sourceTree = "<group>";
		};
		5B6EFCE51A98CEAB00AE6E33 /* recurrent */ = {
			isa = PBXGroup;
			children = (
				5B6EFCE61A98CEAB00AE6E33 /* main.swift */,
				5B6EFCEE1A98CEF700AE6E33 /* RNNNetwork.swift */,
				5B6EFCF01A98CEFF00AE6E33 /* RNNNeuron.swift */,
				5B6EFCF21A98CF1500AE6E33 /* RNNInstance.swift */,
			);
			path = recurrent;
			sourceTree = "<group>";
		};
		5BA9FD971A9A2BE8007E68DD /* parityTask */ = {
			isa = PBXGroup;
			children = (
				5BA9FD981A9A2C02007E68DD /* ParityGenerator.swift */,
			);
			name = parityTask;
			path = recurrent;
			sourceTree = "<group>";
		};
/* End PBXGroup section */

/* Begin PBXNativeTarget section */
		5B6EFCE21A98CEAB00AE6E33 /* recurrent */ = {
			isa = PBXNativeTarget;
			buildConfigurationList = 5B6EFCEA1A98CEAB00AE6E33 /* Build configuration list for PBXNativeTarget "recurrent" */;
			buildPhases = (
				5B6EFCDF1A98CEAB00AE6E33 /* Sources */,
				5B6EFCE01A98CEAB00AE6E33 /* Frameworks */,
				5B6EFCE11A98CEAB00AE6E33 /* CopyFiles */,
			);
			buildRules = (
			);
			dependencies = (
			);
			name = recurrent;
			productName = recurrent;
			productReference = 5B6EFCE31A98CEAB00AE6E33 /* recurrent */;
			productType = "com.apple.product-type.tool";
		};
/* End PBXNativeTarget section */

/* Begin PBXProject section */
		5B6EFCDB1A98CEAB00AE6E33 /* Project object */ = {
			isa = PBXProject;
			attributes = {
				LastUpgradeCheck = 0630;
				ORGANIZATIONNAME = "Runemark Studios";
				TargetAttributes = {
					5B6EFCE21A98CEAB00AE6E33 = {
						CreatedOnToolsVersion = 6.3;
					};
				};
			};
			buildConfigurationList = 5B6EFCDE1A98CEAB00AE6E33 /* Build configuration list for PBXProject "recurrent" */;
			compatibilityVersion = "Xcode 3.2";
			developmentRegion = English;
			hasScannedForEncodings = 0;
			knownRegions = (
				en,
			);
			mainGroup = 5B6EFCDA1A98CEAB00AE6E33;
			productRefGroup = 5B6EFCE41A98CEAB00AE6E33 /* Products */;
			projectDirPath = "";
			projectRoot = "";
			targets = (
				5B6EFCE21A98CEAB00AE6E33 /* recurrent */,
			);
		};
/* End PBXProject section */

/* Begin PBXSourcesBuildPhase section */
		5B6EFCDF1A98CEAB00AE6E33 /* Sources */ = {
			isa = PBXSourcesBuildPhase;
			buildActionMask = 2147483647;
			files = (
				5B6EFCE71A98CEAB00AE6E33 /* main.swift in Sources */,
				5B6EFCEF1A98CEF700AE6E33 /* RNNNetwork.swift in Sources */,
				5B6EFCF11A98CEFF00AE6E33 /* RNNNeuron.swift in Sources */,
				5B6EFCF31A98CF1500AE6E33 /* RNNInstance.swift in Sources */,
				5BA9FD991A9A2C02007E68DD /* ParityGenerator.swift in Sources */,
			);
			runOnlyForDeploymentPostprocessing = 0;
		};
/* End PBXSourcesBuildPhase section */

/* Begin XCBuildConfiguration section */
		5B6EFCE81A98CEAB00AE6E33 /* Debug */ = {
			isa = XCBuildConfiguration;
			buildSettings = {
				ALWAYS_SEARCH_USER_PATHS = NO;
				CLANG_CXX_LANGUAGE_STANDARD = "gnu++0x";
				CLANG_CXX_LIBRARY = "libc++";
				CLANG_ENABLE_MODULES = YES;
				CLANG_ENABLE_OBJC_ARC = YES;
				CLANG_WARN_BOOL_CONVERSION = YES;
				CLANG_WARN_CONSTANT_CONVERSION = YES;
				CLANG_WARN_DIRECT_OBJC_ISA_USAGE = YES_ERROR;
				CLANG_WARN_EMPTY_BODY = YES;
				CLANG_WARN_ENUM_CONVERSION = YES;
				CLANG_WARN_INT_CONVERSION = YES;
				CLANG_WARN_OBJC_ROOT_CLASS = YES_ERROR;
				CLANG_WARN_UNREACHABLE_CODE = YES;
				CLANG_WARN__DUPLICATE_METHOD_MATCH = YES;
				COPY_PHASE_STRIP = NO;
				DEBUG_INFORMATION_FORMAT = dwarf;
				ENABLE_STRICT_OBJC_MSGSEND = YES;
				GCC_C_LANGUAGE_STANDARD = gnu99;
				GCC_DYNAMIC_NO_PIC = NO;
				GCC_OPTIMIZATION_LEVEL = 0;
				GCC_PREPROCESSOR_DEFINITIONS = (
					"DEBUG=1",
					"$(inherited)",
				);
				GCC_SYMBOLS_PRIVATE_EXTERN = NO;
				GCC_WARN_64_TO_32_BIT_CONVERSION = YES;
				GCC_WARN_ABOUT_RETURN_TYPE = YES_ERROR;
				GCC_WARN_UNDECLARED_SELECTOR = YES;
				GCC_WARN_UNINITIALIZED_AUTOS = YES_AGGRESSIVE;
				GCC_WARN_UNUSED_FUNCTION = YES;
				GCC_WARN_UNUSED_VARIABLE = YES;
				MACOSX_DEPLOYMENT_TARGET = 10.10;
				MTL_ENABLE_DEBUG_INFO = YES;
				ONLY_ACTIVE_ARCH = YES;
				SDKROOT = macosx;
				SWIFT_OPTIMIZATION_LEVEL = "-Onone";
			};
			name = Debug;
		};
		5B6EFCE91A98CEAB00AE6E33 /* Release */ = {
			isa = XCBuildConfiguration;
			buildSettings = {
				ALWAYS_SEARCH_USER_PATHS = NO;
				CLANG_CXX_LANGUAGE_STANDARD = "gnu++0x";
				CLANG_CXX_LIBRARY = "libc++";
				CLANG_ENABLE_MODULES = YES;
				CLANG_ENABLE_OBJC_ARC = YES;
				CLANG_WARN_BOOL_CONVERSION = YES;
				CLANG_WARN_CONSTANT_CONVERSION = YES;
				CLANG_WARN_DIRECT_OBJC_ISA_USAGE = YES_ERROR;
				CLANG_WARN_EMPTY_BODY = YES;
				CLANG_WARN_ENUM_CONVERSION = YES;
				CLANG_WARN_INT_CONVERSION = YES;
				CLANG_WARN_OBJC_ROOT_CLASS = YES_ERROR;
				CLANG_WARN_UNREACHABLE_CODE = YES;
				CLANG_WARN__DUPLICATE_METHOD_MATCH = YES;
				COPY_PHASE_STRIP = NO;
				DEBUG_INFORMATION_FORMAT = "dwarf-with-dsym";
				ENABLE_NS_ASSERTIONS = NO;
				ENABLE_STRICT_OBJC_MSGSEND = YES;
				GCC_C_LANGUAGE_STANDARD = gnu99;
				GCC_WARN_64_TO_32_BIT_CONVERSION = YES;
				GCC_WARN_ABOUT_RETURN_TYPE = YES_ERROR;
				GCC_WARN_UNDECLARED_SELECTOR = YES;
				GCC_WARN_UNINITIALIZED_AUTOS = YES_AGGRESSIVE;
				GCC_WARN_UNUSED_FUNCTION = YES;
				GCC_WARN_UNUSED_VARIABLE = YES;
				MACOSX_DEPLOYMENT_TARGET = 10.10;
				MTL_ENABLE_DEBUG_INFO = NO;
				SDKROOT = macosx;
			};
			name = Release;
		};
		5B6EFCEB1A98CEAB00AE6E33 /* Debug */ = {
			isa = XCBuildConfiguration;
			buildSettings = {
				PRODUCT_NAME = "$(TARGET_NAME)";
			};
			name = Debug;
		};
		5B6EFCEC1A98CEAB00AE6E33 /* Release */ = {
			isa = XCBuildConfiguration;
			buildSettings = {
				PRODUCT_NAME = "$(TARGET_NAME)";
			};
			name = Release;
		};
/* End XCBuildConfiguration section */

/* Begin XCConfigurationList section */
		5B6EFCDE1A98CEAB00AE6E33 /* Build configuration list for PBXProject "recurrent" */ = {
			isa = XCConfigurationList;
			buildConfigurations = (
				5B6EFCE81A98CEAB00AE6E33 /* Debug */,
				5B6EFCE91A98CEAB00AE6E33 /* Release */,
			);
			defaultConfigurationIsVisible = 0;
			defaultConfigurationName = Release;
		};
		5B6EFCEA1A98CEAB00AE6E33 /* Build configuration list for PBXNativeTarget "recurrent" */ = {
			isa = XCConfigurationList;
			buildConfigurations = (
				5B6EFCEB1A98CEAB00AE6E33 /* Debug */,
				5B6EFCEC1A98CEAB00AE6E33 /* Release */,
			);
			defaultConfigurationIsVisible = 0;
			defaultConfigurationName = Release;
		};
/* End XCConfigurationList section */
	};
	rootObject = 5B6EFCDB1A98CEAB00AE6E33 /* Project object */;
}
